
Microsoft Visual Studio Solution File, Format Version 12.00
# Visual Studio Version 17
VisualStudioVersion = 17.4.33122.133
MinimumVisualStudioVersion = 10.0.40219.1
Project("{FAE04EC0-301F-11D3-BF4B-00C04F79EFBC}") = "WPR", "WPR.csproj", "{24406428-FFAB-47D9-8E0F-1EE6749F56AA}"
EndProject
Global
	GlobalSection(SolutionConfigurationPlatforms) = preSolution
		Debug|Any CPU = Debug|Any CPU
		Release|Any CPU = Release|Any CPU
	EndGlobalSection
	GlobalSection(ProjectConfigurationPlatforms) = postSolution
		{24406428-FFAB-47D9-8E0F-1EE6749F56AA}.Debug|Any CPU.ActiveCfg = Debug|Any CPU
		{24406428-FFAB-47D9-8E0F-1EE6749F56AA}.Debug|Any CPU.Build.0 = Debug|Any CPU
		{24406428-FFAB-47D9-8E0F-1EE6749F56AA}.Release|Any CPU.ActiveCfg = Release|Any CPU
		{24406428-FFAB-47D9-8E0F-1EE6749F56AA}.Release|Any CPU.Build.0 = Release|Any CPU
	EndGlobalSection
	GlobalSection(SolutionProperties) = preSolution
		HideSolutionNode = FALSE
	EndGlobalSection
	GlobalSection(ExtensibilityGlobals) = postSolution
		SolutionGuid = {B5E9AA40-249E-476C-A2A6-27AABBFB5CD8}
	EndGlobalSection
EndGlobal
